// !$*UTF8*$!
{
	archiveVersion = 1;
	classes = {
	};
	objectVersion = 50;
	objects = {

/* Begin PBXBuildFile section */
		4CD25DEB207DACF700557EF3 /* AppDelegate.m in Sources */ = {isa = PBXBuildFile; fileRef = 4CD25DEA207DACF700557EF3 /* AppDelegate.m */; };
		4CD25DEE207DACF700557EF3 /* FirstViewController.m in Sources */ = {isa = PBXBuildFile; fileRef = 4CD25DED207DACF700557EF3 /* FirstViewController.m */; };
		4CD25DF1207DACF700557EF3 /* SecondViewController.m in Sources */ = {isa = PBXBuildFile; fileRef = 4CD25DF0207DACF700557EF3 /* SecondViewController.m */; };
		4CD25DF4207DACF700557EF3 /* Main.storyboard in Resources */ = {isa = PBXBuildFile; fileRef = 4CD25DF2207DACF700557EF3 /* Main.storyboard */; };
		4CD25DF6207DACF800557EF3 /* Assets.xcassets in Resources */ = {isa = PBXBuildFile; fileRef = 4CD25DF5207DACF800557EF3 /* Assets.xcassets */; };
		4CD25DF9207DACF800557EF3 /* LaunchScreen.storyboard in Resources */ = {isa = PBXBuildFile; fileRef = 4CD25DF7207DACF800557EF3 /* LaunchScreen.storyboard */; };
		4CD25DFC207DACF800557EF3 /* main.m in Sources */ = {isa = PBXBuildFile; fileRef = 4CD25DFB207DACF800557EF3 /* main.m */; };
/* End PBXBuildFile section */

/* Begin PBXFileReference section */
		4CD25DE6207DACF600557EF3 /* UrbanDict.app */ = {isa = PBXFileReference; explicitFileType = wrapper.application; includeInIndex = 0; path = UrbanDict.app; sourceTree = BUILT_PRODUCTS_DIR; };
		4CD25DE9207DACF600557EF3 /* AppDelegate.h */ = {isa = PBXFileReference; lastKnownFileType = sourcecode.c.h; path = AppDelegate.h; sourceTree = "<group>"; };
		4CD25DEA207DACF700557EF3 /* AppDelegate.m */ = {isa = PBXFileReference; lastKnownFileType = sourcecode.c.objc; path = AppDelegate.m; sourceTree = "<group>"; };
		4CD25DEC207DACF700557EF3 /* FirstViewController.h */ = {isa = PBXFileReference; lastKnownFileType = sourcecode.c.h; path = FirstViewController.h; sourceTree = "<group>"; };
		4CD25DED207DACF700557EF3 /* FirstViewController.m */ = {isa = PBXFileReference; lastKnownFileType = sourcecode.c.objc; path = FirstViewController.m; sourceTree = "<group>"; };
		4CD25DEF207DACF700557EF3 /* SecondViewController.h */ = {isa = PBXFileReference; lastKnownFileType = sourcecode.c.h; path = SecondViewController.h; sourceTree = "<group>"; };
		4CD25DF0207DACF700557EF3 /* SecondViewController.m */ = {isa = PBXFileReference; lastKnownFileType = sourcecode.c.objc; path = SecondViewController.m; sourceTree = "<group>"; };
		4CD25DF3207DACF700557EF3 /* Base */ = {isa = PBXFileReference; lastKnownFileType = file.storyboard; name = Base; path = Base.lproj/Main.storyboard; sourceTree = "<group>"; };
		4CD25DF5207DACF800557EF3 /* Assets.xcassets */ = {isa = PBXFileReference; lastKnownFileType = folder.assetcatalog; path = Assets.xcassets; sourceTree = "<group>"; };
		4CD25DF8207DACF800557EF3 /* Base */ = {isa = PBXFileReference; lastKnownFileType = file.storyboard; name = Base; path = Base.lproj/LaunchScreen.storyboard; sourceTree = "<group>"; };
		4CD25DFA207DACF800557EF3 /* Info.plist */ = {isa = PBXFileReference; lastKnownFileType = text.plist.xml; path = Info.plist; sourceTree = "<group>"; };
		4CD25DFB207DACF800557EF3 /* main.m */ = {isa = PBXFileReference; lastKnownFileType = sourcecode.c.objc; path = main.m; sourceTree = "<group>"; };
/* End PBXFileReference section */

/* Begin PBXFrameworksBuildPhase section */
		4CD25DE3207DACF600557EF3 /* Frameworks */ = {
			isa = PBXFrameworksBuildPhase;
			buildActionMask = 2147483647;
			files = (
			);
			runOnlyForDeploymentPostprocessing = 0;
		};
/* End PBXFrameworksBuildPhase section */

/* Begin PBXGroup section */
		4CD25DDD207DACF600557EF3 = {
			isa = PBXGroup;
			children = (
				4CD25DE8207DACF600557EF3 /* UrbanDict */,
				4CD25DE7207DACF600557EF3 /* Products */,
			);
			sourceTree = "<group>";
		};
		4CD25DE7207DACF600557EF3 /* Products */ = {
			isa = PBXGroup;
			children = (
				4CD25DE6207DACF600557EF3 /* UrbanDict.app */,
			);
			name = Products;
			sourceTree = "<group>";
		};
		4CD25DE8207DACF600557EF3 /* UrbanDict */ = {
			isa = PBXGroup;
			children = (
				4CD25DE9207DACF600557EF3 /* AppDelegate.h */,
				4CD25DEA207DACF700557EF3 /* AppDelegate.m */,
				4CD25DEC207DACF700557EF3 /* FirstViewController.h */,
				4CD25DED207DACF700557EF3 /* FirstViewController.m */,
				4CD25DEF207DACF700557EF3 /* SecondViewController.h */,
				4CD25DF0207DACF700557EF3 /* SecondViewController.m */,
				4CD25DF2207DACF700557EF3 /* Main.storyboard */,
				4CD25DF5207DACF800557EF3 /* Assets.xcassets */,
				4CD25DF7207DACF800557EF3 /* LaunchScreen.storyboard */,
				4CD25DFA207DACF800557EF3 /* Info.plist */,
				4CD25DFB207DACF800557EF3 /* main.m */,
			);
			path = UrbanDict;
			sourceTree = "<group>";
		};
/* End PBXGroup section */

/* Begin PBXNativeTarget section */
		4CD25DE5207DACF600557EF3 /* UrbanDict */ = {
			isa = PBXNativeTarget;
			buildConfigurationList = 4CD25DFF207DACF800557EF3 /* Build configuration list for PBXNativeTarget "UrbanDict" */;
			buildPhases = (
				4CD25DE2207DACF600557EF3 /* Sources */,
				4CD25DE3207DACF600557EF3 /* Frameworks */,
				4CD25DE4207DACF600557EF3 /* Resources */,
			);
			buildRules = (
			);
			dependencies = (
			);
			name = UrbanDict;
			productName = UrbanDict;
			productReference = 4CD25DE6207DACF600557EF3 /* UrbanDict.app */;
			productType = "com.apple.product-type.application";
		};
/* End PBXNativeTarget section */

/* Begin PBXProject section */
		4CD25DDE207DACF600557EF3 /* Project object */ = {
			isa = PBXProject;
			attributes = {
				LastUpgradeCheck = 0930;
				ORGANIZATIONNAME = Michael;
				TargetAttributes = {
					4CD25DE5207DACF600557EF3 = {
						CreatedOnToolsVersion = 9.3;
					};
				};
			};
			buildConfigurationList = 4CD25DE1207DACF600557EF3 /* Build configuration list for PBXProject "UrbanDict" */;
			compatibilityVersion = "Xcode 9.3";
			developmentRegion = en;
			hasScannedForEncodings = 0;
			knownRegions = (
				en,
				Base,
			);
			mainGroup = 4CD25DDD207DACF600557EF3;
			productRefGroup = 4CD25DE7207DACF600557EF3 /* Products */;
			projectDirPath = "";
			projectRoot = "";
			targets = (
				4CD25DE5207DACF600557EF3 /* UrbanDict */,
			);
		};
/* End PBXProject section */

/* Begin PBXResourcesBuildPhase section */
		4CD25DE4207DACF600557EF3 /* Resources */ = {
			isa = PBXResourcesBuildPhase;
			buildActionMask = 2147483647;
			files = (
				4CD25DF9207DACF800557EF3 /* LaunchScreen.storyboard in Resources */,
				4CD25DF6207DACF800557EF3 /* Assets.xcassets in Resources */,
				4CD25DF4207DACF700557EF3 /* Main.storyboard in Resources */,
			);
			runOnlyForDeploymentPostprocessing = 0;
		};
/* End PBXResourcesBuildPhase section */

/* Begin PBXSourcesBuildPhase section */
		4CD25DE2207DACF600557EF3 /* Sources */ = {
			isa = PBXSourcesBuildPhase;
			buildActionMask = 2147483647;
			files = (
				4CD25DF1207DACF700557EF3 /* SecondViewController.m in Sources */,
				4CD25DEB207DACF700557EF3 /* AppDelegate.m in Sources */,
				4CD25DFC207DACF800557EF3 /* main.m in Sources */,
				4CD25DEE207DACF700557EF3 /* FirstViewController.m in Sources */,
			);
			runOnlyForDeploymentPostprocessing = 0;
		};
/* End PBXSourcesBuildPhase section */

/* Begin PBXVariantGroup section */
		4CD25DF2207DACF700557EF3 /* Main.storyboard */ = {
			isa = PBXVariantGroup;
			children = (
				4CD25DF3207DACF700557EF3 /* Base */,
			);
			name = Main.storyboard;
			sourceTree = "<group>";
		};
		4CD25DF7207DACF800557EF3 /* LaunchScreen.storyboard */ = {
			isa = PBXVariantGroup;
			children = (
				4CD25DF8207DACF800557EF3 /* Base */,
			);
			name = LaunchScreen.storyboard;
			sourceTree = "<group>";
		};
/* End PBXVariantGroup section */

/* Begin XCBuildConfiguration section */
		4CD25DFD207DACF800557EF3 /* Debug */ = {
			isa = XCBuildConfiguration;
			buildSettings = {
				ALWAYS_SEARCH_USER_PATHS = NO;
				CLANG_ANALYZER_NONNULL = YES;
				CLANG_ANALYZER_NUMBER_OBJECT_CONVERSION = YES_AGGRESSIVE;
				CLANG_CXX_LANGUAGE_STANDARD = "gnu++14";
				CLANG_CXX_LIBRARY = "libc++";
				CLANG_ENABLE_MODULES = YES;
				CLANG_ENABLE_OBJC_ARC = YES;
				CLANG_ENABLE_OBJC_WEAK = YES;
				CLANG_WARN_BLOCK_CAPTURE_AUTORELEASING = YES;
				CLANG_WARN_BOOL_CONVERSION = YES;
				CLANG_WARN_COMMA = YES;
				CLANG_WARN_CONSTANT_CONVERSION = YES;
				CLANG_WARN_DEPRECATED_OBJC_IMPLEMENTATIONS = YES;
				CLANG_WARN_DIRECT_OBJC_ISA_USAGE = YES_ERROR;
				CLANG_WARN_DOCUMENTATION_COMMENTS = YES;
				CLANG_WARN_EMPTY_BODY = YES;
				CLANG_WARN_ENUM_CONVERSION = YES;
				CLANG_WARN_INFINITE_RECURSION = YES;
				CLANG_WARN_INT_CONVERSION = YES;
				CLANG_WARN_NON_LITERAL_NULL_CONVERSION = YES;
				CLANG_WARN_OBJC_IMPLICIT_RETAIN_SELF = YES;
				CLANG_WARN_OBJC_LITERAL_CONVERSION = YES;
				CLANG_WARN_OBJC_ROOT_CLASS = YES_ERROR;
				CLANG_WARN_RANGE_LOOP_ANALYSIS = YES;
				CLANG_WARN_STRICT_PROTOTYPES = YES;
				CLANG_WARN_SUSPICIOUS_MOVE = YES;
				CLANG_WARN_UNGUARDED_AVAILABILITY = YES_AGGRESSIVE;
				CLANG_WARN_UNREACHABLE_CODE = YES;
				CLANG_WARN__DUPLICATE_METHOD_MATCH = YES;
				CODE_SIGN_IDENTITY = "iPhone Developer";
				COPY_PHASE_STRIP = NO;
				DEBUG_INFORMATION_FORMAT = dwarf;
				ENABLE_STRICT_OBJC_MSGSEND = YES;
				ENABLE_TESTABILITY = YES;
				GCC_C_LANGUAGE_STANDARD = gnu11;
				GCC_DYNAMIC_NO_PIC = NO;
				GCC_NO_COMMON_BLOCKS = YES;
				GCC_OPTIMIZATION_LEVEL = 0;
				GCC_PREPROCESSOR_DEFINITIONS = (
					"DEBUG=1",
					"$(inherited)",
				);
				GCC_WARN_64_TO_32_BIT_CONVERSION = YES;
				GCC_WARN_ABOUT_RETURN_TYPE = YES_ERROR;
				GCC_WARN_UNDECLARED_SELECTOR = YES;
				GCC_WARN_UNINITIALIZED_AUTOS = YES_AGGRESSIVE;
				GCC_WARN_UNUSED_FUNCTION = YES;
				GCC_WARN_UNUSED_VARIABLE = YES;
				IPHONEOS_DEPLOYMENT_TARGET = 11.3;
				MTL_ENABLE_DEBUG_INFO = YES;
				ONLY_ACTIVE_ARCH = YES;
				SDKROOT = iphoneos;
			};
			name = Debug;
		};
		4CD25DFE207DACF800557EF3 /* Release */ = {
			isa = XCBuildConfiguration;
			buildSettings = {
				ALWAYS_SEARCH_USER_PATHS = NO;
				CLANG_ANALYZER_NONNULL = YES;
				CLANG_ANALYZER_NUMBER_OBJECT_CONVERSION = YES_AGGRESSIVE;
				CLANG_CXX_LANGUAGE_STANDARD = "gnu++14";
				CLANG_CXX_LIBRARY = "libc++";
				CLANG_ENABLE_MODULES = YES;
				CLANG_ENABLE_OBJC_ARC = YES;
				CLANG_ENABLE_OBJC_WEAK = YES;
				CLANG_WARN_BLOCK_CAPTURE_AUTORELEASING = YES;
				CLANG_WARN_BOOL_CONVERSION = YES;
				CLANG_WARN_COMMA = YES;
				CLANG_WARN_CONSTANT_CONVERSION = YES;
				CLANG_WARN_DEPRECATED_OBJC_IMPLEMENTATIONS = YES;
				CLANG_WARN_DIRECT_OBJC_ISA_USAGE = YES_ERROR;
				CLANG_WARN_DOCUMENTATION_COMMENTS = YES;
				CLANG_WARN_EMPTY_BODY = YES;
				CLANG_WARN_ENUM_CONVERSION = YES;
				CLANG_WARN_INFINITE_RECURSION = YES;
				CLANG_WARN_INT_CONVERSION = YES;
				CLANG_WARN_NON_LITERAL_NULL_CONVERSION = YES;
				CLANG_WARN_OBJC_IMPLICIT_RETAIN_SELF = YES;
				CLANG_WARN_OBJC_LITERAL_CONVERSION = YES;
				CLANG_WARN_OBJC_ROOT_CLASS = YES_ERROR;
				CLANG_WARN_RANGE_LOOP_ANALYSIS = YES;
				CLANG_WARN_STRICT_PROTOTYPES = YES;
				CLANG_WARN_SUSPICIOUS_MOVE = YES;
				CLANG_WARN_UNGUARDED_AVAILABILITY = YES_AGGRESSIVE;
				CLANG_WARN_UNREACHABLE_CODE = YES;
				CLANG_WARN__DUPLICATE_METHOD_MATCH = YES;
				CODE_SIGN_IDENTITY = "iPhone Developer";
				COPY_PHASE_STRIP = NO;
				DEBUG_INFORMATION_FORMAT = "dwarf-with-dsym";
				ENABLE_NS_ASSERTIONS = NO;
				ENABLE_STRICT_OBJC_MSGSEND = YES;
				GCC_C_LANGUAGE_STANDARD = gnu11;
				GCC_NO_COMMON_BLOCKS = YES;
				GCC_WARN_64_TO_32_BIT_CONVERSION = YES;
				GCC_WARN_ABOUT_RETURN_TYPE = YES_ERROR;
				GCC_WARN_UNDECLARED_SELECTOR = YES;
				GCC_WARN_UNINITIALIZED_AUTOS = YES_AGGRESSIVE;
				GCC_WARN_UNUSED_FUNCTION = YES;
				GCC_WARN_UNUSED_VARIABLE = YES;
				IPHONEOS_DEPLOYMENT_TARGET = 11.3;
				MTL_ENABLE_DEBUG_INFO = NO;
				SDKROOT = iphoneos;
				VALIDATE_PRODUCT = YES;
			};
			name = Release;
		};
		4CD25E00207DACF800557EF3 /* Debug */ = {
			isa = XCBuildConfiguration;
			buildSettings = {
				ASSETCATALOG_COMPILER_APPICON_NAME = AppIcon;
				CODE_SIGN_STYLE = Automatic;
				DEVELOPMENT_TEAM = 86UUNEZV42;
				INFOPLIST_FILE = UrbanDict/Info.plist;
				LD_RUNPATH_SEARCH_PATHS = (
					"$(inherited)",
					"@executable_path/Frameworks",
				);
				PRODUCT_BUNDLE_IDENTIFIER = com.MichaelOpenSourceFactory.UrbanDict;
				PRODUCT_NAME = "$(TARGET_NAME)";
				TARGETED_DEVICE_FAMILY = "1,2";
			};
			name = Debug;
		};
		4CD25E01207DACF800557EF3 /* Release */ = {
			isa = XCBuildConfiguration;
			buildSettings = {
				ASSETCATALOG_COMPILER_APPICON_NAME = AppIcon;
				CODE_SIGN_STYLE = Automatic;
				DEVELOPMENT_TEAM = 86UUNEZV42;
				INFOPLIST_FILE = UrbanDict/Info.plist;
				LD_RUNPATH_SEARCH_PATHS = (
					"$(inherited)",
					"@executable_path/Frameworks",
				);
				PRODUCT_BUNDLE_IDENTIFIER = com.MichaelOpenSourceFactory.UrbanDict;
				PRODUCT_NAME = "$(TARGET_NAME)";
				TARGETED_DEVICE_FAMILY = "1,2";
			};
			name = Release;
		};
/* End XCBuildConfiguration section */

/* Begin XCConfigurationList section */
		4CD25DE1207DACF600557EF3 /* Build configuration list for PBXProject "UrbanDict" */ = {
			isa = XCConfigurationList;
			buildConfigurations = (
				4CD25DFD207DACF800557EF3 /* Debug */,
				4CD25DFE207DACF800557EF3 /* Release */,
			);
			defaultConfigurationIsVisible = 0;
			defaultConfigurationName = Release;
		};
		4CD25DFF207DACF800557EF3 /* Build configuration list for PBXNativeTarget "UrbanDict" */ = {
			isa = XCConfigurationList;
			buildConfigurations = (
				4CD25E00207DACF800557EF3 /* Debug */,
				4CD25E01207DACF800557EF3 /* Release */,
			);
			defaultConfigurationIsVisible = 0;
			defaultConfigurationName = Release;
		};
/* End XCConfigurationList section */
	};
	rootObject = 4CD25DDE207DACF600557EF3 /* Project object */;
}
