// !$*UTF8*$!
{
	archiveVersion = 1;
	classes = {
	};
	objectVersion = 50;
	objects = {

/* Begin PBXBuildFile section */
		4C315759208445E500B913AC /* APIBaseManager.m in Sources */ = {isa = PBXBuildFile; fileRef = 4C315758208445E500B913AC /* APIBaseManager.m */; };
		4CD25DEB207DACF700557EF3 /* AppDelegate.m in Sources */ = {isa = PBXBuildFile; fileRef = 4CD25DEA207DACF700557EF3 /* AppDelegate.m */; };
		4CD25DEE207DACF700557EF3 /* FirstViewController.m in Sources */ = {isa = PBXBuildFile; fileRef = 4CD25DED207DACF700557EF3 /* FirstViewController.m */; };
		4CD25DF1207DACF700557EF3 /* SecondViewController.m in Sources */ = {isa = PBXBuildFile; fileRef = 4CD25DF0207DACF700557EF3 /* SecondViewController.m */; };
		4CD25DF4207DACF700557EF3 /* Main.storyboard in Resources */ = {isa = PBXBuildFile; fileRef = 4CD25DF2207DACF700557EF3 /* Main.storyboard */; };
		4CD25DF6207DACF800557EF3 /* Assets.xcassets in Resources */ = {isa = PBXBuildFile; fileRef = 4CD25DF5207DACF800557EF3 /* Assets.xcassets */; };
		4CD25DF9207DACF800557EF3 /* LaunchScreen.storyboard in Resources */ = {isa = PBXBuildFile; fileRef = 4CD25DF7207DACF800557EF3 /* LaunchScreen.storyboard */; };
		4CD25DFC207DACF800557EF3 /* main.m in Sources */ = {isa = PBXBuildFile; fileRef = 4CD25DFB207DACF800557EF3 /* main.m */; };
		4CD25E05207DEB7D00557EF3 /* BaseRequest.m in Sources */ = {isa = PBXBuildFile; fileRef = 4CD25E04207DEB7D00557EF3 /* BaseRequest.m */; };
		4CD25E08207DEBB100557EF3 /* ServerResponse.m in Sources */ = {isa = PBXBuildFile; fileRef = 4CD25E07207DEBB100557EF3 /* ServerResponse.m */; };
		8FAEEB976C94931F582DD07F /* Pods_UrbanDict.framework in Frameworks */ = {isa = PBXBuildFile; fileRef = 84BFD31BAFD5B18964324906 /* Pods_UrbanDict.framework */; };
/* End PBXBuildFile section */

/* Begin PBXFileReference section */
		4C3157552084389600B913AC /* ServiceProtocol.h */ = {isa = PBXFileReference; lastKnownFileType = sourcecode.c.h; path = ServiceProtocol.h; sourceTree = "<group>"; };
		4C315756208445BE00B913AC /* NetworkingDefines.h */ = {isa = PBXFileReference; lastKnownFileType = sourcecode.c.h; path = NetworkingDefines.h; sourceTree = "<group>"; };
		4C315757208445E500B913AC /* APIBaseManager.h */ = {isa = PBXFileReference; lastKnownFileType = sourcecode.c.h; path = APIBaseManager.h; sourceTree = "<group>"; };
		4C315758208445E500B913AC /* APIBaseManager.m */ = {isa = PBXFileReference; lastKnownFileType = sourcecode.c.objc; path = APIBaseManager.m; sourceTree = "<group>"; };
		4CD25DE6207DACF600557EF3 /* UrbanDict.app */ = {isa = PBXFileReference; explicitFileType = wrapper.application; includeInIndex = 0; path = UrbanDict.app; sourceTree = BUILT_PRODUCTS_DIR; };
		4CD25DE9207DACF600557EF3 /* AppDelegate.h */ = {isa = PBXFileReference; lastKnownFileType = sourcecode.c.h; path = AppDelegate.h; sourceTree = "<group>"; };
		4CD25DEA207DACF700557EF3 /* AppDelegate.m */ = {isa = PBXFileReference; lastKnownFileType = sourcecode.c.objc; path = AppDelegate.m; sourceTree = "<group>"; };
		4CD25DEC207DACF700557EF3 /* FirstViewController.h */ = {isa = PBXFileReference; lastKnownFileType = sourcecode.c.h; path = FirstViewController.h; sourceTree = "<group>"; };
		4CD25DED207DACF700557EF3 /* FirstViewController.m */ = {isa = PBXFileReference; lastKnownFileType = sourcecode.c.objc; path = FirstViewController.m; sourceTree = "<group>"; };
		4CD25DEF207DACF700557EF3 /* SecondViewController.h */ = {isa = PBXFileReference; lastKnownFileType = sourcecode.c.h; path = SecondViewController.h; sourceTree = "<group>"; };
		4CD25DF0207DACF700557EF3 /* SecondViewController.m */ = {isa = PBXFileReference; lastKnownFileType = sourcecode.c.objc; path = SecondViewController.m; sourceTree = "<group>"; };
		4CD25DF3207DACF700557EF3 /* Base */ = {isa = PBXFileReference; lastKnownFileType = file.storyboard; name = Base; path = Base.lproj/Main.storyboard; sourceTree = "<group>"; };
		4CD25DF5207DACF800557EF3 /* Assets.xcassets */ = {isa = PBXFileReference; lastKnownFileType = folder.assetcatalog; path = Assets.xcassets; sourceTree = "<group>"; };
		4CD25DF8207DACF800557EF3 /* Base */ = {isa = PBXFileReference; lastKnownFileType = file.storyboard; name = Base; path = Base.lproj/LaunchScreen.storyboard; sourceTree = "<group>"; };
		4CD25DFA207DACF800557EF3 /* Info.plist */ = {isa = PBXFileReference; lastKnownFileType = text.plist.xml; path = Info.plist; sourceTree = "<group>"; };
		4CD25DFB207DACF800557EF3 /* main.m */ = {isa = PBXFileReference; lastKnownFileType = sourcecode.c.objc; path = main.m; sourceTree = "<group>"; };
		4CD25E03207DEB7D00557EF3 /* BaseRequest.h */ = {isa = PBXFileReference; lastKnownFileType = sourcecode.c.h; path = BaseRequest.h; sourceTree = "<group>"; };
		4CD25E04207DEB7D00557EF3 /* BaseRequest.m */ = {isa = PBXFileReference; lastKnownFileType = sourcecode.c.objc; path = BaseRequest.m; sourceTree = "<group>"; };
		4CD25E06207DEBB100557EF3 /* ServerResponse.h */ = {isa = PBXFileReference; lastKnownFileType = sourcecode.c.h; path = ServerResponse.h; sourceTree = "<group>"; };
		4CD25E07207DEBB100557EF3 /* ServerResponse.m */ = {isa = PBXFileReference; lastKnownFileType = sourcecode.c.objc; path = ServerResponse.m; sourceTree = "<group>"; };
		5E7B725D46057EFD636F88D1 /* Pods-UrbanDict.debug.xcconfig */ = {isa = PBXFileReference; includeInIndex = 1; lastKnownFileType = text.xcconfig; name = "Pods-UrbanDict.debug.xcconfig"; path = "Pods/Target Support Files/Pods-UrbanDict/Pods-UrbanDict.debug.xcconfig"; sourceTree = "<group>"; };
		7AFF673242DE40051576AA65 /* Pods-UrbanDict.release.xcconfig */ = {isa = PBXFileReference; includeInIndex = 1; lastKnownFileType = text.xcconfig; name = "Pods-UrbanDict.release.xcconfig"; path = "Pods/Target Support Files/Pods-UrbanDict/Pods-UrbanDict.release.xcconfig"; sourceTree = "<group>"; };
		84BFD31BAFD5B18964324906 /* Pods_UrbanDict.framework */ = {isa = PBXFileReference; explicitFileType = wrapper.framework; includeInIndex = 0; path = Pods_UrbanDict.framework; sourceTree = BUILT_PRODUCTS_DIR; };
/* End PBXFileReference section */

/* Begin PBXFrameworksBuildPhase section */
		4CD25DE3207DACF600557EF3 /* Frameworks */ = {
			isa = PBXFrameworksBuildPhase;
			buildActionMask = 2147483647;
			files = (
				8FAEEB976C94931F582DD07F /* Pods_UrbanDict.framework in Frameworks */,
			);
			runOnlyForDeploymentPostprocessing = 0;
		};
/* End PBXFrameworksBuildPhase section */

/* Begin PBXGroup section */
		4CD25DDD207DACF600557EF3 = {
			isa = PBXGroup;
			children = (
				4CD25DE8207DACF600557EF3 /* UrbanDict */,
				4CD25DE7207DACF600557EF3 /* Products */,
				7E62B61FCC2FD49B58952295 /* Pods */,
				AE2E43E563B837C7A9400009 /* Frameworks */,
			);
			sourceTree = "<group>";
		};
		4CD25DE7207DACF600557EF3 /* Products */ = {
			isa = PBXGroup;
			children = (
				4CD25DE6207DACF600557EF3 /* UrbanDict.app */,
			);
			name = Products;
			sourceTree = "<group>";
		};
		4CD25DE8207DACF600557EF3 /* UrbanDict */ = {
			isa = PBXGroup;
			children = (
				4CD25DE9207DACF600557EF3 /* AppDelegate.h */,
				4CD25DEA207DACF700557EF3 /* AppDelegate.m */,
				4CD25DEC207DACF700557EF3 /* FirstViewController.h */,
				4CD25DED207DACF700557EF3 /* FirstViewController.m */,
				4CD25DEF207DACF700557EF3 /* SecondViewController.h */,
				4CD25DF0207DACF700557EF3 /* SecondViewController.m */,
				4CD25E03207DEB7D00557EF3 /* BaseRequest.h */,
				4CD25E04207DEB7D00557EF3 /* BaseRequest.m */,
				4CD25E06207DEBB100557EF3 /* ServerResponse.h */,
				4CD25E07207DEBB100557EF3 /* ServerResponse.m */,
				4CD25DF2207DACF700557EF3 /* Main.storyboard */,
				4CD25DF5207DACF800557EF3 /* Assets.xcassets */,
				4CD25DF7207DACF800557EF3 /* LaunchScreen.storyboard */,
				4CD25DFA207DACF800557EF3 /* Info.plist */,
				4CD25DFB207DACF800557EF3 /* main.m */,
				4C3157552084389600B913AC /* ServiceProtocol.h */,
				4C315756208445BE00B913AC /* NetworkingDefines.h */,
				4C315757208445E500B913AC /* APIBaseManager.h */,
				4C315758208445E500B913AC /* APIBaseManager.m */,
			);
			path = UrbanDict;
			sourceTree = "<group>";
		};
		7E62B61FCC2FD49B58952295 /* Pods */ = {
			isa = PBXGroup;
			children = (
				5E7B725D46057EFD636F88D1 /* Pods-UrbanDict.debug.xcconfig */,
				7AFF673242DE40051576AA65 /* Pods-UrbanDict.release.xcconfig */,
			);
			name = Pods;
			sourceTree = "<group>";
		};
		AE2E43E563B837C7A9400009 /* Frameworks */ = {
			isa = PBXGroup;
			children = (
				84BFD31BAFD5B18964324906 /* Pods_UrbanDict.framework */,
			);
			name = Frameworks;
			sourceTree = "<group>";
		};
/* End PBXGroup section */

/* Begin PBXNativeTarget section */
		4CD25DE5207DACF600557EF3 /* UrbanDict */ = {
			isa = PBXNativeTarget;
			buildConfigurationList = 4CD25DFF207DACF800557EF3 /* Build configuration list for PBXNativeTarget "UrbanDict" */;
			buildPhases = (
				0E3993E413414F52A10BADBF /* [CP] Check Pods Manifest.lock */,
				4CD25DE2207DACF600557EF3 /* Sources */,
				4CD25DE3207DACF600557EF3 /* Frameworks */,
				4CD25DE4207DACF600557EF3 /* Resources */,
				99ADA6C324A73CEF7A0E1DF6 /* [CP] Embed Pods Frameworks */,
			);
			buildRules = (
			);
			dependencies = (
			);
			name = UrbanDict;
			productName = UrbanDict;
			productReference = 4CD25DE6207DACF600557EF3 /* UrbanDict.app */;
			productType = "com.apple.product-type.application";
		};
/* End PBXNativeTarget section */

/* Begin PBXProject section */
		4CD25DDE207DACF600557EF3 /* Project object */ = {
			isa = PBXProject;
			attributes = {
				LastUpgradeCheck = 0930;
				ORGANIZATIONNAME = Michael;
				TargetAttributes = {
					4CD25DE5207DACF600557EF3 = {
						CreatedOnToolsVersion = 9.3;
					};
				};
			};
			buildConfigurationList = 4CD25DE1207DACF600557EF3 /* Build configuration list for PBXProject "UrbanDict" */;
			compatibilityVersion = "Xcode 9.3";
			developmentRegion = en;
			hasScannedForEncodings = 0;
			knownRegions = (
				en,
				Base,
			);
			mainGroup = 4CD25DDD207DACF600557EF3;
			productRefGroup = 4CD25DE7207DACF600557EF3 /* Products */;
			projectDirPath = "";
			projectRoot = "";
			targets = (
				4CD25DE5207DACF600557EF3 /* UrbanDict */,
			);
		};
/* End PBXProject section */

/* Begin PBXResourcesBuildPhase section */
		4CD25DE4207DACF600557EF3 /* Resources */ = {
			isa = PBXResourcesBuildPhase;
			buildActionMask = 2147483647;
			files = (
				4CD25DF9207DACF800557EF3 /* LaunchScreen.storyboard in Resources */,
				4CD25DF6207DACF800557EF3 /* Assets.xcassets in Resources */,
				4CD25DF4207DACF700557EF3 /* Main.storyboard in Resources */,
			);
			runOnlyForDeploymentPostprocessing = 0;
		};
/* End PBXResourcesBuildPhase section */

/* Begin PBXShellScriptBuildPhase section */
		0E3993E413414F52A10BADBF /* [CP] Check Pods Manifest.lock */ = {
			isa = PBXShellScriptBuildPhase;
			buildActionMask = 2147483647;
			files = (
			);
			inputPaths = (
				"${PODS_PODFILE_DIR_PATH}/Podfile.lock",
				"${PODS_ROOT}/Manifest.lock",
			);
			name = "[CP] Check Pods Manifest.lock";
			outputPaths = (
				"$(DERIVED_FILE_DIR)/Pods-UrbanDict-checkManifestLockResult.txt",
			);
			runOnlyForDeploymentPostprocessing = 0;
			shellPath = /bin/sh;
			shellScript = "diff \"${PODS_PODFILE_DIR_PATH}/Podfile.lock\" \"${PODS_ROOT}/Manifest.lock\" > /dev/null\nif [ $? != 0 ] ; then\n    # print error to STDERR\n    echo \"error: The sandbox is not in sync with the Podfile.lock. Run 'pod install' or update your CocoaPods installation.\" >&2\n    exit 1\nfi\n# This output is used by Xcode 'outputs' to avoid re-running this script phase.\necho \"SUCCESS\" > \"${SCRIPT_OUTPUT_FILE_0}\"\n";
			showEnvVarsInLog = 0;
		};
		99ADA6C324A73CEF7A0E1DF6 /* [CP] Embed Pods Frameworks */ = {
			isa = PBXShellScriptBuildPhase;
			buildActionMask = 2147483647;
			files = (
			);
			inputPaths = (
				"${SRCROOT}/Pods/Target Support Files/Pods-UrbanDict/Pods-UrbanDict-frameworks.sh",
				"${BUILT_PRODUCTS_DIR}/DoubleConversion/DoubleConversion.framework",
				"${BUILT_PRODUCTS_DIR}/Folly/folly.framework",
				"${BUILT_PRODUCTS_DIR}/React/React.framework",
				"${BUILT_PRODUCTS_DIR}/glog/glog.framework",
				"${BUILT_PRODUCTS_DIR}/yoga/yoga.framework",
			);
			name = "[CP] Embed Pods Frameworks";
			outputPaths = (
				"${TARGET_BUILD_DIR}/${FRAMEWORKS_FOLDER_PATH}/DoubleConversion.framework",
				"${TARGET_BUILD_DIR}/${FRAMEWORKS_FOLDER_PATH}/folly.framework",
				"${TARGET_BUILD_DIR}/${FRAMEWORKS_FOLDER_PATH}/React.framework",
				"${TARGET_BUILD_DIR}/${FRAMEWORKS_FOLDER_PATH}/glog.framework",
				"${TARGET_BUILD_DIR}/${FRAMEWORKS_FOLDER_PATH}/yoga.framework",
			);
			runOnlyForDeploymentPostprocessing = 0;
			shellPath = /bin/sh;
			shellScript = "\"${SRCROOT}/Pods/Target Support Files/Pods-UrbanDict/Pods-UrbanDict-frameworks.sh\"\n";
			showEnvVarsInLog = 0;
		};
/* End PBXShellScriptBuildPhase section */

/* Begin PBXSourcesBuildPhase section */
		4CD25DE2207DACF600557EF3 /* Sources */ = {
			isa = PBXSourcesBuildPhase;
			buildActionMask = 2147483647;
			files = (
				4CD25DF1207DACF700557EF3 /* SecondViewController.m in Sources */,
				4CD25DEB207DACF700557EF3 /* AppDelegate.m in Sources */,
				4CD25E05207DEB7D00557EF3 /* BaseRequest.m in Sources */,
				4C315759208445E500B913AC /* APIBaseManager.m in Sources */,
				4CD25DFC207DACF800557EF3 /* main.m in Sources */,
				4CD25DEE207DACF700557EF3 /* FirstViewController.m in Sources */,
				4CD25E08207DEBB100557EF3 /* ServerResponse.m in Sources */,
			);
			runOnlyForDeploymentPostprocessing = 0;
		};
/* End PBXSourcesBuildPhase section */

/* Begin PBXVariantGroup section */
		4CD25DF2207DACF700557EF3 /* Main.storyboard */ = {
			isa = PBXVariantGroup;
			children = (
				4CD25DF3207DACF700557EF3 /* Base */,
			);
			name = Main.storyboard;
			sourceTree = "<group>";
		};
		4CD25DF7207DACF800557EF3 /* LaunchScreen.storyboard */ = {
			isa = PBXVariantGroup;
			children = (
				4CD25DF8207DACF800557EF3 /* Base */,
			);
			name = LaunchScreen.storyboard;
			sourceTree = "<group>";
		};
/* End PBXVariantGroup section */

/* Begin XCBuildConfiguration section */
		4CD25DFD207DACF800557EF3 /* Debug */ = {
			isa = XCBuildConfiguration;
			buildSettings = {
				ALWAYS_SEARCH_USER_PATHS = NO;
				CLANG_ANALYZER_NONNULL = YES;
				CLANG_ANALYZER_NUMBER_OBJECT_CONVERSION = YES_AGGRESSIVE;
				CLANG_CXX_LANGUAGE_STANDARD = "gnu++14";
				CLANG_CXX_LIBRARY = "libc++";
				CLANG_ENABLE_MODULES = YES;
				CLANG_ENABLE_OBJC_ARC = YES;
				CLANG_ENABLE_OBJC_WEAK = YES;
				CLANG_WARN_BLOCK_CAPTURE_AUTORELEASING = YES;
				CLANG_WARN_BOOL_CONVERSION = YES;
				CLANG_WARN_COMMA = YES;
				CLANG_WARN_CONSTANT_CONVERSION = YES;
				CLANG_WARN_DEPRECATED_OBJC_IMPLEMENTATIONS = YES;
				CLANG_WARN_DIRECT_OBJC_ISA_USAGE = YES_ERROR;
				CLANG_WARN_DOCUMENTATION_COMMENTS = YES;
				CLANG_WARN_EMPTY_BODY = YES;
				CLANG_WARN_ENUM_CONVERSION = YES;
				CLANG_WARN_INFINITE_RECURSION = YES;
				CLANG_WARN_INT_CONVERSION = YES;
				CLANG_WARN_NON_LITERAL_NULL_CONVERSION = YES;
				CLANG_WARN_OBJC_IMPLICIT_RETAIN_SELF = YES;
				CLANG_WARN_OBJC_LITERAL_CONVERSION = YES;
				CLANG_WARN_OBJC_ROOT_CLASS = YES_ERROR;
				CLANG_WARN_RANGE_LOOP_ANALYSIS = YES;
				CLANG_WARN_STRICT_PROTOTYPES = YES;
				CLANG_WARN_SUSPICIOUS_MOVE = YES;
				CLANG_WARN_UNGUARDED_AVAILABILITY = YES_AGGRESSIVE;
				CLANG_WARN_UNREACHABLE_CODE = YES;
				CLANG_WARN__DUPLICATE_METHOD_MATCH = YES;
				CODE_SIGN_IDENTITY = "iPhone Developer";
				COPY_PHASE_STRIP = NO;
				DEBUG_INFORMATION_FORMAT = dwarf;
				ENABLE_STRICT_OBJC_MSGSEND = YES;
				ENABLE_TESTABILITY = YES;
				GCC_C_LANGUAGE_STANDARD = gnu11;
				GCC_DYNAMIC_NO_PIC = NO;
				GCC_NO_COMMON_BLOCKS = YES;
				GCC_OPTIMIZATION_LEVEL = 0;
				GCC_PREPROCESSOR_DEFINITIONS = (
					"DEBUG=1",
					"$(inherited)",
				);
				GCC_WARN_64_TO_32_BIT_CONVERSION = YES;
				GCC_WARN_ABOUT_RETURN_TYPE = YES_ERROR;
				GCC_WARN_UNDECLARED_SELECTOR = YES;
				GCC_WARN_UNINITIALIZED_AUTOS = YES_AGGRESSIVE;
				GCC_WARN_UNUSED_FUNCTION = YES;
				GCC_WARN_UNUSED_VARIABLE = YES;
				IPHONEOS_DEPLOYMENT_TARGET = 11.3;
				MTL_ENABLE_DEBUG_INFO = YES;
				ONLY_ACTIVE_ARCH = YES;
				SDKROOT = iphoneos;
			};
			name = Debug;
		};
		4CD25DFE207DACF800557EF3 /* Release */ = {
			isa = XCBuildConfiguration;
			buildSettings = {
				ALWAYS_SEARCH_USER_PATHS = NO;
				CLANG_ANALYZER_NONNULL = YES;
				CLANG_ANALYZER_NUMBER_OBJECT_CONVERSION = YES_AGGRESSIVE;
				CLANG_CXX_LANGUAGE_STANDARD = "gnu++14";
				CLANG_CXX_LIBRARY = "libc++";
				CLANG_ENABLE_MODULES = YES;
				CLANG_ENABLE_OBJC_ARC = YES;
				CLANG_ENABLE_OBJC_WEAK = YES;
				CLANG_WARN_BLOCK_CAPTURE_AUTORELEASING = YES;
				CLANG_WARN_BOOL_CONVERSION = YES;
				CLANG_WARN_COMMA = YES;
				CLANG_WARN_CONSTANT_CONVERSION = YES;
				CLANG_WARN_DEPRECATED_OBJC_IMPLEMENTATIONS = YES;
				CLANG_WARN_DIRECT_OBJC_ISA_USAGE = YES_ERROR;
				CLANG_WARN_DOCUMENTATION_COMMENTS = YES;
				CLANG_WARN_EMPTY_BODY = YES;
				CLANG_WARN_ENUM_CONVERSION = YES;
				CLANG_WARN_INFINITE_RECURSION = YES;
				CLANG_WARN_INT_CONVERSION = YES;
				CLANG_WARN_NON_LITERAL_NULL_CONVERSION = YES;
				CLANG_WARN_OBJC_IMPLICIT_RETAIN_SELF = YES;
				CLANG_WARN_OBJC_LITERAL_CONVERSION = YES;
				CLANG_WARN_OBJC_ROOT_CLASS = YES_ERROR;
				CLANG_WARN_RANGE_LOOP_ANALYSIS = YES;
				CLANG_WARN_STRICT_PROTOTYPES = YES;
				CLANG_WARN_SUSPICIOUS_MOVE = YES;
				CLANG_WARN_UNGUARDED_AVAILABILITY = YES_AGGRESSIVE;
				CLANG_WARN_UNREACHABLE_CODE = YES;
				CLANG_WARN__DUPLICATE_METHOD_MATCH = YES;
				CODE_SIGN_IDENTITY = "iPhone Developer";
				COPY_PHASE_STRIP = NO;
				DEBUG_INFORMATION_FORMAT = "dwarf-with-dsym";
				ENABLE_NS_ASSERTIONS = NO;
				ENABLE_STRICT_OBJC_MSGSEND = YES;
				GCC_C_LANGUAGE_STANDARD = gnu11;
				GCC_NO_COMMON_BLOCKS = YES;
				GCC_WARN_64_TO_32_BIT_CONVERSION = YES;
				GCC_WARN_ABOUT_RETURN_TYPE = YES_ERROR;
				GCC_WARN_UNDECLARED_SELECTOR = YES;
				GCC_WARN_UNINITIALIZED_AUTOS = YES_AGGRESSIVE;
				GCC_WARN_UNUSED_FUNCTION = YES;
				GCC_WARN_UNUSED_VARIABLE = YES;
				IPHONEOS_DEPLOYMENT_TARGET = 11.3;
				MTL_ENABLE_DEBUG_INFO = NO;
				SDKROOT = iphoneos;
				VALIDATE_PRODUCT = YES;
			};
			name = Release;
		};
		4CD25E00207DACF800557EF3 /* Debug */ = {
			isa = XCBuildConfiguration;
			baseConfigurationReference = 5E7B725D46057EFD636F88D1 /* Pods-UrbanDict.debug.xcconfig */;
			buildSettings = {
				ASSETCATALOG_COMPILER_APPICON_NAME = AppIcon;
				CODE_SIGN_STYLE = Automatic;
				DEVELOPMENT_TEAM = 86UUNEZV42;
				INFOPLIST_FILE = UrbanDict/Info.plist;
				LD_RUNPATH_SEARCH_PATHS = "$(inherited) @executable_path/Frameworks";
				PRODUCT_BUNDLE_IDENTIFIER = com.MichaelOpenSourceFactory.UrbanDict;
				PRODUCT_NAME = "$(TARGET_NAME)";
				TARGETED_DEVICE_FAMILY = "1,2";
			};
			name = Debug;
		};
		4CD25E01207DACF800557EF3 /* Release */ = {
			isa = XCBuildConfiguration;
			baseConfigurationReference = 7AFF673242DE40051576AA65 /* Pods-UrbanDict.release.xcconfig */;
			buildSettings = {
				ASSETCATALOG_COMPILER_APPICON_NAME = AppIcon;
				CODE_SIGN_STYLE = Automatic;
				DEVELOPMENT_TEAM = 86UUNEZV42;
				INFOPLIST_FILE = UrbanDict/Info.plist;
				LD_RUNPATH_SEARCH_PATHS = "$(inherited) @executable_path/Frameworks";
				PRODUCT_BUNDLE_IDENTIFIER = com.MichaelOpenSourceFactory.UrbanDict;
				PRODUCT_NAME = "$(TARGET_NAME)";
				TARGETED_DEVICE_FAMILY = "1,2";
			};
			name = Release;
		};
/* End XCBuildConfiguration section */

/* Begin XCConfigurationList section */
		4CD25DE1207DACF600557EF3 /* Build configuration list for PBXProject "UrbanDict" */ = {
			isa = XCConfigurationList;
			buildConfigurations = (
				4CD25DFD207DACF800557EF3 /* Debug */,
				4CD25DFE207DACF800557EF3 /* Release */,
			);
			defaultConfigurationIsVisible = 0;
			defaultConfigurationName = Release;
		};
		4CD25DFF207DACF800557EF3 /* Build configuration list for PBXNativeTarget "UrbanDict" */ = {
			isa = XCConfigurationList;
			buildConfigurations = (
				4CD25E00207DACF800557EF3 /* Debug */,
				4CD25E01207DACF800557EF3 /* Release */,
			);
			defaultConfigurationIsVisible = 0;
			defaultConfigurationName = Release;
		};
/* End XCConfigurationList section */
	};
	rootObject = 4CD25DDE207DACF600557EF3 /* Project object */;
}
